# This file is automatically @generated by Cargo.
# It is not intended for manual editing.
version = 4

[[package]]
name = "pdbg-app"
version = "0.1.0"
dependencies = [
 "pdbg-core",
]

[[package]]
name = "pdbg-contract-tests"
version = "0.1.0"
dependencies = [
 "pdbg-app",
 "pdbg-core",
 "pdbg-mcp",
 "pdbg-shim",
]

[[package]]
name = "pdbg-core"
version = "0.1.0"
dependencies = [
 "pdbg-shim",
]

[[package]]
name = "pdbg-mcp"
version = "0.1.0"
dependencies = [
 "pdbg-core",
]

[[package]]
name = "pdbg-shim"
version = "0.1.0"
